
Microsoft Visual Studio Solution File, Format Version 12.00
# Visual Studio 14
VisualStudioVersion = 14.0.23107.0
MinimumVisualStudioVersion = 10.0.40219.1
Project("{FAE04EC0-301F-11D3-BF4B-00C04F79EFBC}") = "AutomatedTestDenemeProje1", "AutomatedTestDenemeProje1\AutomatedTestDenemeProje1.csproj", "{4C6A5E41-20C9-4E36-84B9-E83B91A92BD0}"
EndProject
Project("{FAE04EC0-301F-11D3-BF4B-00C04F79EFBC}") = "AutomatedTestDenemeProje2", "AutomatedTestDenemeProje2\AutomatedTestDenemeProje2.csproj", "{53008372-EAE9-4A57-A2B2-F17649C72431}"
EndProject
Global
	GlobalSection(SolutionConfigurationPlatforms) = preSolution
		Debug|Any CPU = Debug|Any CPU
		Release|Any CPU = Release|Any CPU
	EndGlobalSection
	GlobalSection(ProjectConfigurationPlatforms) = postSolution
		{4C6A5E41-20C9-4E36-84B9-E83B91A92BD0}.Debug|Any CPU.ActiveCfg = Debug|Any CPU
		{4C6A5E41-20C9-4E36-84B9-E83B91A92BD0}.Debug|Any CPU.Build.0 = Debug|Any CPU
		{4C6A5E41-20C9-4E36-84B9-E83B91A92BD0}.Release|Any CPU.ActiveCfg = Release|Any CPU
		{4C6A5E41-20C9-4E36-84B9-E83B91A92BD0}.Release|Any CPU.Build.0 = Release|Any CPU
		{53008372-EAE9-4A57-A2B2-F17649C72431}.Debug|Any CPU.ActiveCfg = Debug|Any CPU
		{53008372-EAE9-4A57-A2B2-F17649C72431}.Debug|Any CPU.Build.0 = Debug|Any CPU
		{53008372-EAE9-4A57-A2B2-F17649C72431}.Release|Any CPU.ActiveCfg = Release|Any CPU
		{53008372-EAE9-4A57-A2B2-F17649C72431}.Release|Any CPU.Build.0 = Release|Any CPU
	EndGlobalSection
	GlobalSection(SolutionProperties) = preSolution
		HideSolutionNode = FALSE
	EndGlobalSection
EndGlobal
